
Microsoft Visual Studio Solution File, Format Version 12.00
# Visual Studio Version 16
VisualStudioVersion = 16.0.32510.428
MinimumVisualStudioVersion = 10.0.40219.1
Project("{9A19103F-16F7-4668-BE54-9A1E7A4F7556}") = "12.5_HomeWork_WPFapp clients bank base", "12.5_HomeWork_WPFapp clients bank base.csproj", "{B5131DA5-B014-4CDD-9A16-72A6FDC0E194}"
EndProject
Global
	GlobalSection(SolutionConfigurationPlatforms) = preSolution
		Debug|Any CPU = Debug|Any CPU
		Release|Any CPU = Release|Any CPU
	EndGlobalSection
	GlobalSection(ProjectConfigurationPlatforms) = postSolution
		{B5131DA5-B014-4CDD-9A16-72A6FDC0E194}.Debug|Any CPU.ActiveCfg = Debug|Any CPU
		{B5131DA5-B014-4CDD-9A16-72A6FDC0E194}.Debug|Any CPU.Build.0 = Debug|Any CPU
		{B5131DA5-B014-4CDD-9A16-72A6FDC0E194}.Release|Any CPU.ActiveCfg = Release|Any CPU
		{B5131DA5-B014-4CDD-9A16-72A6FDC0E194}.Release|Any CPU.Build.0 = Release|Any CPU
	EndGlobalSection
	GlobalSection(SolutionProperties) = preSolution
		HideSolutionNode = FALSE
	EndGlobalSection
	GlobalSection(ExtensibilityGlobals) = postSolution
		SolutionGuid = {C1F2C212-4ADB-4F4E-8812-55053DC6B527}
	EndGlobalSection
EndGlobal
